{
    "_meta": {
        "hash": {
            "sha256": "692003935153285339f31ce5f4cc23f4346cfb44732e54430bd6ef2bd1487368"
        },
        "host-environment-markers": {
            "implementation_name": "cpython",
            "implementation_version": "3.6.6",
            "os_name": "nt",
            "platform_machine": "AMD64",
            "platform_python_implementation": "CPython",
            "platform_release": "10",
            "platform_system": "Windows",
            "platform_version": "10.0.17134",
            "python_full_version": "3.6.6",
            "python_version": "3.6",
            "sys_platform": "win32"
        },
        "pipfile-spec": 6,
        "requires": {
            "python_version": "3.6"
        },
        "sources": [
            {
                "name": "pypi",
                "url": "https://pypi.org/simple",
                "verify_ssl": true
            }
        ]
    },
    "default": {
        "asn1crypto": {
            "hashes": [],
            "version": "==0.24.0"
        },
        "attrs": {
            "hashes": [],
            "version": "==18.1.0"
        },
        "automat": {
            "hashes": [],
            "version": "==0.7.0"
        },
        "beautifulsoup4": {
            "hashes": [],
            "version": "==4.6.1"
        },
        "certifi": {
            "hashes": [],
            "version": "==2018.4.16"
        },
        "cffi": {
            "hashes": [],
            "version": "==1.11.5"
        },
        "chardet": {
            "hashes": [],
            "version": "==3.0.4"
        },
        "constantly": {
            "hashes": [],
            "version": "==15.1.0"
        },
        "cryptography": {
            "hashes": [],
            "version": "==2.3"
        },
        "cssselect": {
            "hashes": [],
            "version": "==1.0.3"
        },
        "hyperlink": {
            "hashes": [],
            "version": "==18.0.0"
        },
        "idna": {
            "hashes": [],
            "version": "==2.7"
        },
        "incremental": {
            "hashes": [],
            "version": "==17.5.0"
        },
        "lxml": {
            "hashes": [],
            "version": "==4.2.4"
        },
        "parsel": {
            "hashes": [],
            "version": "==1.5.0"
        },
        "pyasn1": {
            "hashes": [],
            "version": "==0.4.4"
        },
        "pyasn1-modules": {
            "hashes": [],
            "version": "==0.2.2"
        },
        "pycparser": {
            "hashes": [],
            "version": "==2.18"
        },
        "pydispatcher": {
            "hashes": [],
            "version": "==2.0.5"
        },
        "pyhamcrest": {
            "hashes": [],
            "version": "==1.9.0"
        },
        "pymysql": {
            "hashes": [],
            "version": "==0.9.2"
        },
        "pyopenssl": {
            "hashes": [],
            "version": "==18.0.0"
        },
        "pypiwin32": {
            "hashes": [],
            "version": "==223"
        },
        "pywin32": {
            "hashes": [],
            "version": "==223"
        },
        "queuelib": {
            "hashes": [],
            "version": "==1.5.0"
        },
        "requests": {
            "hashes": [],
            "version": "==2.19.1"
        },
        "scrapy": {
            "hashes": [],
            "version": "==1.5.1"
        },
        "selenium": {
            "hashes": [],
            "version": "==3.14.0"
        },
        "service-identity": {
            "hashes": [],
            "version": "==17.0.0"
        },
        "six": {
            "hashes": [],
            "version": "==1.11.0"
        },
        "sqlalchemy": {
            "hashes": [],
            "version": "==1.2.10"
        },
        "twisted": {
            "hashes": [],
            "version": "==18.7.0"
        },
        "urllib3": {
            "hashes": [],
            "version": "==1.23"
        },
        "w3lib": {
            "hashes": [],
            "version": "==1.19.0"
        },
        "zope.interface": {
            "hashes": [],
            "version": "==4.5.0"
        }
    },
    "develop": {
        "inflect": {
            "hashes": [],
            "version": "==1.0.0"
        },
        "sqlacodegen": {
            "hashes": [],
            "version": "==2.0.0"
        },
        "sqlalchemy": {
            "hashes": [],
            "version": "==1.2.10"
        }
    }
}
